
Microsoft Visual Studio Solution File, Format Version 12.00
# Visual Studio 15
VisualStudioVersion = 15.0.26730.16
MinimumVisualStudioVersion = 10.0.40219.1
Project("{FAE04EC0-301F-11D3-BF4B-00C04F79EFBC}") = "HospitalManagementSystem", "HospitalManagementSystem\HospitalManagementSystem.csproj", "{8280F184-387B-4093-AD7B-43755BF97450}"
EndProject
Global
	GlobalSection(SolutionConfigurationPlatforms) = preSolution
		Debug|Any CPU = Debug|Any CPU
		Release|Any CPU = Release|Any CPU
	EndGlobalSection
	GlobalSection(ProjectConfigurationPlatforms) = postSolution
		{8280F184-387B-4093-AD7B-43755BF97450}.Debug|Any CPU.ActiveCfg = Debug|Any CPU
		{8280F184-387B-4093-AD7B-43755BF97450}.Debug|Any CPU.Build.0 = Debug|Any CPU
		{8280F184-387B-4093-AD7B-43755BF97450}.Release|Any CPU.ActiveCfg = Release|Any CPU
		{8280F184-387B-4093-AD7B-43755BF97450}.Release|Any CPU.Build.0 = Release|Any CPU
	EndGlobalSection
	GlobalSection(SolutionProperties) = preSolution
		HideSolutionNode = FALSE
	EndGlobalSection
	GlobalSection(ExtensibilityGlobals) = postSolution
		SolutionGuid = {E98C3AFD-9008-4707-A7CB-1F7062ED7EF1}
	EndGlobalSection
EndGlobal
